// !$*UTF8*$!
{
	archiveVersion = 1;
	classes = {
	};
	objectVersion = 46;
	objects = {

/* Begin PBXBuildFile section */
		6059C99C1E939C2900F88A51 /* main.m in Sources */ = {isa = PBXBuildFile; fileRef = 6059C99B1E939C2900F88A51 /* main.m */; };
		6059C99F1E939C2900F88A51 /* AppDelegate.m in Sources */ = {isa = PBXBuildFile; fileRef = 6059C99E1E939C2900F88A51 /* AppDelegate.m */; };
		6059C9A21E939C2900F88A51 /* ViewController.m in Sources */ = {isa = PBXBuildFile; fileRef = 6059C9A11E939C2900F88A51 /* ViewController.m */; };
		6059C9A51E939C2900F88A51 /* Main.storyboard in Resources */ = {isa = PBXBuildFile; fileRef = 6059C9A31E939C2900F88A51 /* Main.storyboard */; };
		6059C9A71E939C2900F88A51 /* Assets.xcassets in Resources */ = {isa = PBXBuildFile; fileRef = 6059C9A61E939C2900F88A51 /* Assets.xcassets */; };
		6059C9AA1E939C2900F88A51 /* LaunchScreen.storyboard in Resources */ = {isa = PBXBuildFile; fileRef = 6059C9A81E939C2900F88A51 /* LaunchScreen.storyboard */; };
		6059C9B51E939C2A00F88A51 /* WSMenuButtonTests.m in Sources */ = {isa = PBXBuildFile; fileRef = 6059C9B41E939C2A00F88A51 /* WSMenuButtonTests.m */; };
		6059C9C01E939C2A00F88A51 /* WSMenuButtonUITests.m in Sources */ = {isa = PBXBuildFile; fileRef = 6059C9BF1E939C2A00F88A51 /* WSMenuButtonUITests.m */; };
		6059C9CF1E939C9B00F88A51 /* WSMenuControl.m in Sources */ = {isa = PBXBuildFile; fileRef = 6059C9CE1E939C9B00F88A51 /* WSMenuControl.m */; };
/* End PBXBuildFile section */

/* Begin PBXContainerItemProxy section */
		6059C9B11E939C2A00F88A51 /* PBXContainerItemProxy */ = {
			isa = PBXContainerItemProxy;
			containerPortal = 6059C98F1E939C2900F88A51 /* Project object */;
			proxyType = 1;
			remoteGlobalIDString = 6059C9961E939C2900F88A51;
			remoteInfo = WSMenuButton;
		};
		6059C9BC1E939C2A00F88A51 /* PBXContainerItemProxy */ = {
			isa = PBXContainerItemProxy;
			containerPortal = 6059C98F1E939C2900F88A51 /* Project object */;
			proxyType = 1;
			remoteGlobalIDString = 6059C9961E939C2900F88A51;
			remoteInfo = WSMenuButton;
		};
/* End PBXContainerItemProxy section */

/* Begin PBXFileReference section */
		6059C9971E939C2900F88A51 /* WSMenuButton.app */ = {isa = PBXFileReference; explicitFileType = wrapper.application; includeInIndex = 0; path = WSMenuButton.app; sourceTree = BUILT_PRODUCTS_DIR; };
		6059C99B1E939C2900F88A51 /* main.m */ = {isa = PBXFileReference; lastKnownFileType = sourcecode.c.objc; path = main.m; sourceTree = "<group>"; };
		6059C99D1E939C2900F88A51 /* AppDelegate.h */ = {isa = PBXFileReference; lastKnownFileType = sourcecode.c.h; path = AppDelegate.h; sourceTree = "<group>"; };
		6059C99E1E939C2900F88A51 /* AppDelegate.m */ = {isa = PBXFileReference; lastKnownFileType = sourcecode.c.objc; path = AppDelegate.m; sourceTree = "<group>"; };
		6059C9A01E939C2900F88A51 /* ViewController.h */ = {isa = PBXFileReference; lastKnownFileType = sourcecode.c.h; path = ViewController.h; sourceTree = "<group>"; };
		6059C9A11E939C2900F88A51 /* ViewController.m */ = {isa = PBXFileReference; lastKnownFileType = sourcecode.c.objc; path = ViewController.m; sourceTree = "<group>"; };
		6059C9A41E939C2900F88A51 /* Base */ = {isa = PBXFileReference; lastKnownFileType = file.storyboard; name = Base; path = Base.lproj/Main.storyboard; sourceTree = "<group>"; };
		6059C9A61E939C2900F88A51 /* Assets.xcassets */ = {isa = PBXFileReference; lastKnownFileType = folder.assetcatalog; path = Assets.xcassets; sourceTree = "<group>"; };
		6059C9A91E939C2900F88A51 /* Base */ = {isa = PBXFileReference; lastKnownFileType = file.storyboard; name = Base; path = Base.lproj/LaunchScreen.storyboard; sourceTree = "<group>"; };
		6059C9AB1E939C2900F88A51 /* Info.plist */ = {isa = PBXFileReference; lastKnownFileType = text.plist.xml; path = Info.plist; sourceTree = "<group>"; };
		6059C9B01E939C2A00F88A51 /* WSMenuButtonTests.xctest */ = {isa = PBXFileReference; explicitFileType = wrapper.cfbundle; includeInIndex = 0; path = WSMenuButtonTests.xctest; sourceTree = BUILT_PRODUCTS_DIR; };
		6059C9B41E939C2A00F88A51 /* WSMenuButtonTests.m */ = {isa = PBXFileReference; lastKnownFileType = sourcecode.c.objc; path = WSMenuButtonTests.m; sourceTree = "<group>"; };
		6059C9B61E939C2A00F88A51 /* Info.plist */ = {isa = PBXFileReference; lastKnownFileType = text.plist.xml; path = Info.plist; sourceTree = "<group>"; };
		6059C9BB1E939C2A00F88A51 /* WSMenuButtonUITests.xctest */ = {isa = PBXFileReference; explicitFileType = wrapper.cfbundle; includeInIndex = 0; path = WSMenuButtonUITests.xctest; sourceTree = BUILT_PRODUCTS_DIR; };
		6059C9BF1E939C2A00F88A51 /* WSMenuButtonUITests.m */ = {isa = PBXFileReference; lastKnownFileType = sourcecode.c.objc; path = WSMenuButtonUITests.m; sourceTree = "<group>"; };
		6059C9C11E939C2A00F88A51 /* Info.plist */ = {isa = PBXFileReference; lastKnownFileType = text.plist.xml; path = Info.plist; sourceTree = "<group>"; };
		6059C9CD1E939C9B00F88A51 /* WSMenuControl.h */ = {isa = PBXFileReference; fileEncoding = 4; lastKnownFileType = sourcecode.c.h; path = WSMenuControl.h; sourceTree = "<group>"; };
		6059C9CE1E939C9B00F88A51 /* WSMenuControl.m */ = {isa = PBXFileReference; fileEncoding = 4; lastKnownFileType = sourcecode.c.objc; path = WSMenuControl.m; sourceTree = "<group>"; };
/* End PBXFileReference section */

/* Begin PBXFrameworksBuildPhase section */
		6059C9941E939C2900F88A51 /* Frameworks */ = {
			isa = PBXFrameworksBuildPhase;
			buildActionMask = 2147483647;
			files = (
			);
			runOnlyForDeploymentPostprocessing = 0;
		};
		6059C9AD1E939C2A00F88A51 /* Frameworks */ = {
			isa = PBXFrameworksBuildPhase;
			buildActionMask = 2147483647;
			files = (
			);
			runOnlyForDeploymentPostprocessing = 0;
		};
		6059C9B81E939C2A00F88A51 /* Frameworks */ = {
			isa = PBXFrameworksBuildPhase;
			buildActionMask = 2147483647;
			files = (
			);
			runOnlyForDeploymentPostprocessing = 0;
		};
/* End PBXFrameworksBuildPhase section */

/* Begin PBXGroup section */
		6059C98E1E939C2900F88A51 = {
			isa = PBXGroup;
			children = (
				6059C9991E939C2900F88A51 /* WSMenuButton */,
				6059C9B31E939C2A00F88A51 /* WSMenuButtonTests */,
				6059C9BE1E939C2A00F88A51 /* WSMenuButtonUITests */,
				6059C9981E939C2900F88A51 /* Products */,
			);
			sourceTree = "<group>";
		};
		6059C9981E939C2900F88A51 /* Products */ = {
			isa = PBXGroup;
			children = (
				6059C9971E939C2900F88A51 /* WSMenuButton.app */,
				6059C9B01E939C2A00F88A51 /* WSMenuButtonTests.xctest */,
				6059C9BB1E939C2A00F88A51 /* WSMenuButtonUITests.xctest */,
			);
			name = Products;
			sourceTree = "<group>";
		};
		6059C9991E939C2900F88A51 /* WSMenuButton */ = {
			isa = PBXGroup;
			children = (
				6059C99D1E939C2900F88A51 /* AppDelegate.h */,
				6059C99E1E939C2900F88A51 /* AppDelegate.m */,
				6059C9A01E939C2900F88A51 /* ViewController.h */,
				6059C9A11E939C2900F88A51 /* ViewController.m */,
				6059C9A31E939C2900F88A51 /* Main.storyboard */,
				6059C9A61E939C2900F88A51 /* Assets.xcassets */,
				6059C9A81E939C2900F88A51 /* LaunchScreen.storyboard */,
				6059C9AB1E939C2900F88A51 /* Info.plist */,
				6059C99A1E939C2900F88A51 /* Supporting Files */,
				6059C9CD1E939C9B00F88A51 /* WSMenuControl.h */,
				6059C9CE1E939C9B00F88A51 /* WSMenuControl.m */,
			);
			path = WSMenuButton;
			sourceTree = "<group>";
		};
		6059C99A1E939C2900F88A51 /* Supporting Files */ = {
			isa = PBXGroup;
			children = (
				6059C99B1E939C2900F88A51 /* main.m */,
			);
			name = "Supporting Files";
			sourceTree = "<group>";
		};
		6059C9B31E939C2A00F88A51 /* WSMenuButtonTests */ = {
			isa = PBXGroup;
			children = (
				6059C9B41E939C2A00F88A51 /* WSMenuButtonTests.m */,
				6059C9B61E939C2A00F88A51 /* Info.plist */,
			);
			path = WSMenuButtonTests;
			sourceTree = "<group>";
		};
		6059C9BE1E939C2A00F88A51 /* WSMenuButtonUITests */ = {
			isa = PBXGroup;
			children = (
				6059C9BF1E939C2A00F88A51 /* WSMenuButtonUITests.m */,
				6059C9C11E939C2A00F88A51 /* Info.plist */,
			);
			path = WSMenuButtonUITests;
			sourceTree = "<group>";
		};
/* End PBXGroup section */

/* Begin PBXNativeTarget section */
		6059C9961E939C2900F88A51 /* WSMenuButton */ = {
			isa = PBXNativeTarget;
			buildConfigurationList = 6059C9C41E939C2A00F88A51 /* Build configuration list for PBXNativeTarget "WSMenuButton" */;
			buildPhases = (
				6059C9931E939C2900F88A51 /* Sources */,
				6059C9941E939C2900F88A51 /* Frameworks */,
				6059C9951E939C2900F88A51 /* Resources */,
			);
			buildRules = (
			);
			dependencies = (
			);
			name = WSMenuButton;
			productName = WSMenuButton;
			productReference = 6059C9971E939C2900F88A51 /* WSMenuButton.app */;
			productType = "com.apple.product-type.application";
		};
		6059C9AF1E939C2A00F88A51 /* WSMenuButtonTests */ = {
			isa = PBXNativeTarget;
			buildConfigurationList = 6059C9C71E939C2A00F88A51 /* Build configuration list for PBXNativeTarget "WSMenuButtonTests" */;
			buildPhases = (
				6059C9AC1E939C2A00F88A51 /* Sources */,
				6059C9AD1E939C2A00F88A51 /* Frameworks */,
				6059C9AE1E939C2A00F88A51 /* Resources */,
			);
			buildRules = (
			);
			dependencies = (
				6059C9B21E939C2A00F88A51 /* PBXTargetDependency */,
			);
			name = WSMenuButtonTests;
			productName = WSMenuButtonTests;
			productReference = 6059C9B01E939C2A00F88A51 /* WSMenuButtonTests.xctest */;
			productType = "com.apple.product-type.bundle.unit-test";
		};
		6059C9BA1E939C2A00F88A51 /* WSMenuButtonUITests */ = {
			isa = PBXNativeTarget;
			buildConfigurationList = 6059C9CA1E939C2A00F88A51 /* Build configuration list for PBXNativeTarget "WSMenuButtonUITests" */;
			buildPhases = (
				6059C9B71E939C2A00F88A51 /* Sources */,
				6059C9B81E939C2A00F88A51 /* Frameworks */,
				6059C9B91E939C2A00F88A51 /* Resources */,
			);
			buildRules = (
			);
			dependencies = (
				6059C9BD1E939C2A00F88A51 /* PBXTargetDependency */,
			);
			name = WSMenuButtonUITests;
			productName = WSMenuButtonUITests;
			productReference = 6059C9BB1E939C2A00F88A51 /* WSMenuButtonUITests.xctest */;
			productType = "com.apple.product-type.bundle.ui-testing";
		};
/* End PBXNativeTarget section */

/* Begin PBXProject section */
		6059C98F1E939C2900F88A51 /* Project object */ = {
			isa = PBXProject;
			attributes = {
				LastUpgradeCheck = 0820;
				ORGANIZATIONNAME = WebsoftProfession;
				TargetAttributes = {
					6059C9961E939C2900F88A51 = {
						CreatedOnToolsVersion = 8.2.1;
						ProvisioningStyle = Automatic;
					};
					6059C9AF1E939C2A00F88A51 = {
						CreatedOnToolsVersion = 8.2.1;
						ProvisioningStyle = Automatic;
						TestTargetID = 6059C9961E939C2900F88A51;
					};
					6059C9BA1E939C2A00F88A51 = {
						CreatedOnToolsVersion = 8.2.1;
						ProvisioningStyle = Automatic;
						TestTargetID = 6059C9961E939C2900F88A51;
					};
				};
			};
			buildConfigurationList = 6059C9921E939C2900F88A51 /* Build configuration list for PBXProject "WSMenuButton" */;
			compatibilityVersion = "Xcode 3.2";
			developmentRegion = English;
			hasScannedForEncodings = 0;
			knownRegions = (
				en,
				Base,
			);
			mainGroup = 6059C98E1E939C2900F88A51;
			productRefGroup = 6059C9981E939C2900F88A51 /* Products */;
			projectDirPath = "";
			projectRoot = "";
			targets = (
				6059C9961E939C2900F88A51 /* WSMenuButton */,
				6059C9AF1E939C2A00F88A51 /* WSMenuButtonTests */,
				6059C9BA1E939C2A00F88A51 /* WSMenuButtonUITests */,
			);
		};
/* End PBXProject section */

/* Begin PBXResourcesBuildPhase section */
		6059C9951E939C2900F88A51 /* Resources */ = {
			isa = PBXResourcesBuildPhase;
			buildActionMask = 2147483647;
			files = (
				6059C9AA1E939C2900F88A51 /* LaunchScreen.storyboard in Resources */,
				6059C9A71E939C2900F88A51 /* Assets.xcassets in Resources */,
				6059C9A51E939C2900F88A51 /* Main.storyboard in Resources */,
			);
			runOnlyForDeploymentPostprocessing = 0;
		};
		6059C9AE1E939C2A00F88A51 /* Resources */ = {
			isa = PBXResourcesBuildPhase;
			buildActionMask = 2147483647;
			files = (
			);
			runOnlyForDeploymentPostprocessing = 0;
		};
		6059C9B91E939C2A00F88A51 /* Resources */ = {
			isa = PBXResourcesBuildPhase;
			buildActionMask = 2147483647;
			files = (
			);
			runOnlyForDeploymentPostprocessing = 0;
		};
/* End PBXResourcesBuildPhase section */

/* Begin PBXSourcesBuildPhase section */
		6059C9931E939C2900F88A51 /* Sources */ = {
			isa = PBXSourcesBuildPhase;
			buildActionMask = 2147483647;
			files = (
				6059C9A21E939C2900F88A51 /* ViewController.m in Sources */,
				6059C99F1E939C2900F88A51 /* AppDelegate.m in Sources */,
				6059C9CF1E939C9B00F88A51 /* WSMenuControl.m in Sources */,
				6059C99C1E939C2900F88A51 /* main.m in Sources */,
			);
			runOnlyForDeploymentPostprocessing = 0;
		};
		6059C9AC1E939C2A00F88A51 /* Sources */ = {
			isa = PBXSourcesBuildPhase;
			buildActionMask = 2147483647;
			files = (
				6059C9B51E939C2A00F88A51 /* WSMenuButtonTests.m in Sources */,
			);
			runOnlyForDeploymentPostprocessing = 0;
		};
		6059C9B71E939C2A00F88A51 /* Sources */ = {
			isa = PBXSourcesBuildPhase;
			buildActionMask = 2147483647;
			files = (
				6059C9C01E939C2A00F88A51 /* WSMenuButtonUITests.m in Sources */,
			);
			runOnlyForDeploymentPostprocessing = 0;
		};
/* End PBXSourcesBuildPhase section */

/* Begin PBXTargetDependency section */
		6059C9B21E939C2A00F88A51 /* PBXTargetDependency */ = {
			isa = PBXTargetDependency;
			target = 6059C9961E939C2900F88A51 /* WSMenuButton */;
			targetProxy = 6059C9B11E939C2A00F88A51 /* PBXContainerItemProxy */;
		};
		6059C9BD1E939C2A00F88A51 /* PBXTargetDependency */ = {
			isa = PBXTargetDependency;
			target = 6059C9961E939C2900F88A51 /* WSMenuButton */;
			targetProxy = 6059C9BC1E939C2A00F88A51 /* PBXContainerItemProxy */;
		};
/* End PBXTargetDependency section */

/* Begin PBXVariantGroup section */
		6059C9A31E939C2900F88A51 /* Main.storyboard */ = {
			isa = PBXVariantGroup;
			children = (
				6059C9A41E939C2900F88A51 /* Base */,
			);
			name = Main.storyboard;
			sourceTree = "<group>";
		};
		6059C9A81E939C2900F88A51 /* LaunchScreen.storyboard */ = {
			isa = PBXVariantGroup;
			children = (
				6059C9A91E939C2900F88A51 /* Base */,
			);
			name = LaunchScreen.storyboard;
			sourceTree = "<group>";
		};
/* End PBXVariantGroup section */

/* Begin XCBuildConfiguration section */
		6059C9C21E939C2A00F88A51 /* Debug */ = {
			isa = XCBuildConfiguration;
			buildSettings = {
				ALWAYS_SEARCH_USER_PATHS = NO;
				CLANG_ANALYZER_NONNULL = YES;
				CLANG_CXX_LANGUAGE_STANDARD = "gnu++0x";
				CLANG_CXX_LIBRARY = "libc++";
				CLANG_ENABLE_MODULES = YES;
				CLANG_ENABLE_OBJC_ARC = YES;
				CLANG_WARN_BOOL_CONVERSION = YES;
				CLANG_WARN_CONSTANT_CONVERSION = YES;
				CLANG_WARN_DIRECT_OBJC_ISA_USAGE = YES_ERROR;
				CLANG_WARN_DOCUMENTATION_COMMENTS = YES;
				CLANG_WARN_EMPTY_BODY = YES;
				CLANG_WARN_ENUM_CONVERSION = YES;
				CLANG_WARN_INFINITE_RECURSION = YES;
				CLANG_WARN_INT_CONVERSION = YES;
				CLANG_WARN_OBJC_ROOT_CLASS = YES_ERROR;
				CLANG_WARN_SUSPICIOUS_MOVE = YES;
				CLANG_WARN_UNREACHABLE_CODE = YES;
				CLANG_WARN__DUPLICATE_METHOD_MATCH = YES;
				"CODE_SIGN_IDENTITY[sdk=iphoneos*]" = "iPhone Developer";
				COPY_PHASE_STRIP = NO;
				DEBUG_INFORMATION_FORMAT = dwarf;
				ENABLE_STRICT_OBJC_MSGSEND = YES;
				ENABLE_TESTABILITY = YES;
				GCC_C_LANGUAGE_STANDARD = gnu99;
				GCC_DYNAMIC_NO_PIC = NO;
				GCC_NO_COMMON_BLOCKS = YES;
				GCC_OPTIMIZATION_LEVEL = 0;
				GCC_PREPROCESSOR_DEFINITIONS = (
					"DEBUG=1",
					"$(inherited)",
				);
				GCC_WARN_64_TO_32_BIT_CONVERSION = YES;
				GCC_WARN_ABOUT_RETURN_TYPE = YES_ERROR;
				GCC_WARN_UNDECLARED_SELECTOR = YES;
				GCC_WARN_UNINITIALIZED_AUTOS = YES_AGGRESSIVE;
				GCC_WARN_UNUSED_FUNCTION = YES;
				GCC_WARN_UNUSED_VARIABLE = YES;
				IPHONEOS_DEPLOYMENT_TARGET = 10.2;
				MTL_ENABLE_DEBUG_INFO = YES;
				ONLY_ACTIVE_ARCH = YES;
				SDKROOT = iphoneos;
				TARGETED_DEVICE_FAMILY = "1,2";
			};
			name = Debug;
		};
		6059C9C31E939C2A00F88A51 /* Release */ = {
			isa = XCBuildConfiguration;
			buildSettings = {
				ALWAYS_SEARCH_USER_PATHS = NO;
				CLANG_ANALYZER_NONNULL = YES;
				CLANG_CXX_LANGUAGE_STANDARD = "gnu++0x";
				CLANG_CXX_LIBRARY = "libc++";
				CLANG_ENABLE_MODULES = YES;
				CLANG_ENABLE_OBJC_ARC = YES;
				CLANG_WARN_BOOL_CONVERSION = YES;
				CLANG_WARN_CONSTANT_CONVERSION = YES;
				CLANG_WARN_DIRECT_OBJC_ISA_USAGE = YES_ERROR;
				CLANG_WARN_DOCUMENTATION_COMMENTS = YES;
				CLANG_WARN_EMPTY_BODY = YES;
				CLANG_WARN_ENUM_CONVERSION = YES;
				CLANG_WARN_INFINITE_RECURSION = YES;
				CLANG_WARN_INT_CONVERSION = YES;
				CLANG_WARN_OBJC_ROOT_CLASS = YES_ERROR;
				CLANG_WARN_SUSPICIOUS_MOVE = YES;
				CLANG_WARN_UNREACHABLE_CODE = YES;
				CLANG_WARN__DUPLICATE_METHOD_MATCH = YES;
				"CODE_SIGN_IDENTITY[sdk=iphoneos*]" = "iPhone Developer";
				COPY_PHASE_STRIP = NO;
				DEBUG_INFORMATION_FORMAT = "dwarf-with-dsym";
				ENABLE_NS_ASSERTIONS = NO;
				ENABLE_STRICT_OBJC_MSGSEND = YES;
				GCC_C_LANGUAGE_STANDARD = gnu99;
				GCC_NO_COMMON_BLOCKS = YES;
				GCC_WARN_64_TO_32_BIT_CONVERSION = YES;
				GCC_WARN_ABOUT_RETURN_TYPE = YES_ERROR;
				GCC_WARN_UNDECLARED_SELECTOR = YES;
				GCC_WARN_UNINITIALIZED_AUTOS = YES_AGGRESSIVE;
				GCC_WARN_UNUSED_FUNCTION = YES;
				GCC_WARN_UNUSED_VARIABLE = YES;
				IPHONEOS_DEPLOYMENT_TARGET = 10.2;
				MTL_ENABLE_DEBUG_INFO = NO;
				SDKROOT = iphoneos;
				TARGETED_DEVICE_FAMILY = "1,2";
				VALIDATE_PRODUCT = YES;
			};
			name = Release;
		};
		6059C9C51E939C2A00F88A51 /* Debug */ = {
			isa = XCBuildConfiguration;
			buildSettings = {
				ASSETCATALOG_COMPILER_APPICON_NAME = AppIcon;
				DEVELOPMENT_TEAM = "";
				INFOPLIST_FILE = WSMenuButton/Info.plist;
				LD_RUNPATH_SEARCH_PATHS = "$(inherited) @executable_path/Frameworks";
				PRODUCT_BUNDLE_IDENTIFIER = TD.WSMenuButton;
				PRODUCT_NAME = "$(TARGET_NAME)";
			};
			name = Debug;
		};
		6059C9C61E939C2A00F88A51 /* Release */ = {
			isa = XCBuildConfiguration;
			buildSettings = {
				ASSETCATALOG_COMPILER_APPICON_NAME = AppIcon;
				DEVELOPMENT_TEAM = "";
				INFOPLIST_FILE = WSMenuButton/Info.plist;
				LD_RUNPATH_SEARCH_PATHS = "$(inherited) @executable_path/Frameworks";
				PRODUCT_BUNDLE_IDENTIFIER = TD.WSMenuButton;
				PRODUCT_NAME = "$(TARGET_NAME)";
			};
			name = Release;
		};
		6059C9C81E939C2A00F88A51 /* Debug */ = {
			isa = XCBuildConfiguration;
			buildSettings = {
				BUNDLE_LOADER = "$(TEST_HOST)";
				INFOPLIST_FILE = WSMenuButtonTests/Info.plist;
				LD_RUNPATH_SEARCH_PATHS = "$(inherited) @executable_path/Frameworks @loader_path/Frameworks";
				PRODUCT_BUNDLE_IDENTIFIER = TD.WSMenuButtonTests;
				PRODUCT_NAME = "$(TARGET_NAME)";
				TEST_HOST = "$(BUILT_PRODUCTS_DIR)/WSMenuButton.app/WSMenuButton";
			};
			name = Debug;
		};
		6059C9C91E939C2A00F88A51 /* Release */ = {
			isa = XCBuildConfiguration;
			buildSettings = {
				BUNDLE_LOADER = "$(TEST_HOST)";
				INFOPLIST_FILE = WSMenuButtonTests/Info.plist;
				LD_RUNPATH_SEARCH_PATHS = "$(inherited) @executable_path/Frameworks @loader_path/Frameworks";
				PRODUCT_BUNDLE_IDENTIFIER = TD.WSMenuButtonTests;
				PRODUCT_NAME = "$(TARGET_NAME)";
				TEST_HOST = "$(BUILT_PRODUCTS_DIR)/WSMenuButton.app/WSMenuButton";
			};
			name = Release;
		};
		6059C9CB1E939C2A00F88A51 /* Debug */ = {
			isa = XCBuildConfiguration;
			buildSettings = {
				INFOPLIST_FILE = WSMenuButtonUITests/Info.plist;
				LD_RUNPATH_SEARCH_PATHS = "$(inherited) @executable_path/Frameworks @loader_path/Frameworks";
				PRODUCT_BUNDLE_IDENTIFIER = TD.WSMenuButtonUITests;
				PRODUCT_NAME = "$(TARGET_NAME)";
				TEST_TARGET_NAME = WSMenuButton;
			};
			name = Debug;
		};
		6059C9CC1E939C2A00F88A51 /* Release */ = {
			isa = XCBuildConfiguration;
			buildSettings = {
				INFOPLIST_FILE = WSMenuButtonUITests/Info.plist;
				LD_RUNPATH_SEARCH_PATHS = "$(inherited) @executable_path/Frameworks @loader_path/Frameworks";
				PRODUCT_BUNDLE_IDENTIFIER = TD.WSMenuButtonUITests;
				PRODUCT_NAME = "$(TARGET_NAME)";
				TEST_TARGET_NAME = WSMenuButton;
			};
			name = Release;
		};
/* End XCBuildConfiguration section */

/* Begin XCConfigurationList section */
		6059C9921E939C2900F88A51 /* Build configuration list for PBXProject "WSMenuButton" */ = {
			isa = XCConfigurationList;
			buildConfigurations = (
				6059C9C21E939C2A00F88A51 /* Debug */,
				6059C9C31E939C2A00F88A51 /* Release */,
			);
			defaultConfigurationIsVisible = 0;
			defaultConfigurationName = Release;
		};
		6059C9C41E939C2A00F88A51 /* Build configuration list for PBXNativeTarget "WSMenuButton" */ = {
			isa = XCConfigurationList;
			buildConfigurations = (
				6059C9C51E939C2A00F88A51 /* Debug */,
				6059C9C61E939C2A00F88A51 /* Release */,
			);
			defaultConfigurationIsVisible = 0;
			defaultConfigurationName = Release;
		};
		6059C9C71E939C2A00F88A51 /* Build configuration list for PBXNativeTarget "WSMenuButtonTests" */ = {
			isa = XCConfigurationList;
			buildConfigurations = (
				6059C9C81E939C2A00F88A51 /* Debug */,
				6059C9C91E939C2A00F88A51 /* Release */,
			);
			defaultConfigurationIsVisible = 0;
			defaultConfigurationName = Release;
		};
		6059C9CA1E939C2A00F88A51 /* Build configuration list for PBXNativeTarget "WSMenuButtonUITests" */ = {
			isa = XCConfigurationList;
			buildConfigurations = (
				6059C9CB1E939C2A00F88A51 /* Debug */,
				6059C9CC1E939C2A00F88A51 /* Release */,
			);
			defaultConfigurationIsVisible = 0;
			defaultConfigurationName = Release;
		};
/* End XCConfigurationList section */
	};
	rootObject = 6059C98F1E939C2900F88A51 /* Project object */;
}
